
Microsoft Visual Studio Solution File, Format Version 12.00
# Visual Studio Version 17
VisualStudioVersion = 17.5.002.0
MinimumVisualStudioVersion = 10.0.40219.1
Project("{9A19103F-16F7-4668-BE54-9A1E7A4F7556}") = "MyWinFormsApp", "MyWinFormsApp\MyWinFormsApp.csproj", "{C5E25BA0-1068-4722-B222-6D979B4E88C9}"
EndProject
Global
	GlobalSection(SolutionConfigurationPlatforms) = preSolution
		Debug|Any CPU = Debug|Any CPU
		Release|Any CPU = Release|Any CPU
	EndGlobalSection
	GlobalSection(ProjectConfigurationPlatforms) = postSolution
		{C5E25BA0-1068-4722-B222-6D979B4E88C9}.Debug|Any CPU.ActiveCfg = Debug|Any CPU
		{C5E25BA0-1068-4722-B222-6D979B4E88C9}.Debug|Any CPU.Build.0 = Debug|Any CPU
		{C5E25BA0-1068-4722-B222-6D979B4E88C9}.Release|Any CPU.ActiveCfg = Release|Any CPU
		{C5E25BA0-1068-4722-B222-6D979B4E88C9}.Release|Any CPU.Build.0 = Release|Any CPU
	EndGlobalSection
	GlobalSection(SolutionProperties) = preSolution
		HideSolutionNode = FALSE
	EndGlobalSection
	GlobalSection(ExtensibilityGlobals) = postSolution
		SolutionGuid = {785BE977-28DF-4D96-BB51-F7E4A4DAE2E9}
	EndGlobalSection
EndGlobal
